// !$*UTF8*$!
{
	archiveVersion = 1;
	classes = {
	};
	objectVersion = 56;
	objects = {

/* Begin PBXBuildFile section */
		4A0EF1CE29A24E1600A48CDB /* FirebaseAnalytics in Frameworks */ = {isa = PBXBuildFile; productRef = 4A0EF1CD29A24E1600A48CDB /* FirebaseAnalytics */; };
		4A0EF1D029A24E1600A48CDB /* FirebaseAuth in Frameworks */ = {isa = PBXBuildFile; productRef = 4A0EF1CF29A24E1600A48CDB /* FirebaseAuth */; };
		4A0EF1D229A24E1600A48CDB /* FirebaseDatabase in Frameworks */ = {isa = PBXBuildFile; productRef = 4A0EF1D129A24E1600A48CDB /* FirebaseDatabase */; };
		4A0EF1D429A24E1600A48CDB /* FirebaseFirestore in Frameworks */ = {isa = PBXBuildFile; productRef = 4A0EF1D329A24E1600A48CDB /* FirebaseFirestore */; };
		4A0EF1D629A24E1600A48CDB /* FirebaseFirestoreSwift in Frameworks */ = {isa = PBXBuildFile; productRef = 4A0EF1D529A24E1600A48CDB /* FirebaseFirestoreSwift */; };
		4A0EF1D829A24E1600A48CDB /* FirebaseRemoteConfigSwift in Frameworks */ = {isa = PBXBuildFile; productRef = 4A0EF1D729A24E1600A48CDB /* FirebaseRemoteConfigSwift */; };
		4A0EF1DA29A24E1600A48CDB /* FirebaseStorage in Frameworks */ = {isa = PBXBuildFile; productRef = 4A0EF1D929A24E1600A48CDB /* FirebaseStorage */; };
		4A0EF1DD29A24E9000A48CDB /* SDWebImageSwiftUI in Frameworks */ = {isa = PBXBuildFile; productRef = 4A0EF1DC29A24E9000A48CDB /* SDWebImageSwiftUI */; };
		4A0EF1DF29A24F0F00A48CDB /* ContentVie.swift in Sources */ = {isa = PBXBuildFile; fileRef = 4A0EF1DE29A24F0F00A48CDB /* ContentVie.swift */; };
		4A0EF1E229A2505700A48CDB /* SignUpViewModel.swift in Sources */ = {isa = PBXBuildFile; fileRef = 4A0EF1E129A2505700A48CDB /* SignUpViewModel.swift */; };
		4A0EF1E429A252DF00A48CDB /* settings.swift in Sources */ = {isa = PBXBuildFile; fileRef = 4A0EF1E329A252DF00A48CDB /* settings.swift */; };
		4A0EF1EA29A26E2700A48CDB /* ProfileView.swift in Sources */ = {isa = PBXBuildFile; fileRef = 4A0EF1E929A26E2700A48CDB /* ProfileView.swift */; };
		4A0EF1EC29A26E9400A48CDB /* AuthenticationView.swift in Sources */ = {isa = PBXBuildFile; fileRef = 4A0EF1EB29A26E9400A48CDB /* AuthenticationView.swift */; };
		4A0EF1EE29A26FC400A48CDB /* User.swift in Sources */ = {isa = PBXBuildFile; fileRef = 4A0EF1ED29A26FC400A48CDB /* User.swift */; };
		4A0EF1F029A352A900A48CDB /* home.swift in Sources */ = {isa = PBXBuildFile; fileRef = 4A0EF1EF29A352A900A48CDB /* home.swift */; };
		4A0EF1F229A356B700A48CDB /* VoteModel.swift in Sources */ = {isa = PBXBuildFile; fileRef = 4A0EF1F129A356B700A48CDB /* VoteModel.swift */; };
		4A0EF1F629A49F4500A48CDB /* EditProfile.swift in Sources */ = {isa = PBXBuildFile; fileRef = 4A0EF1F529A49F4500A48CDB /* EditProfile.swift */; };
		4AC57F5B299A18F70003AFB5 /* signup9App.swift in Sources */ = {isa = PBXBuildFile; fileRef = 4AC57F5A299A18F70003AFB5 /* signup9App.swift */; };
		4AC57F5D299A18F70003AFB5 /* ContentView.swift in Sources */ = {isa = PBXBuildFile; fileRef = 4AC57F5C299A18F70003AFB5 /* ContentView.swift */; };
		4AC57F5F299A18F80003AFB5 /* Assets.xcassets in Resources */ = {isa = PBXBuildFile; fileRef = 4AC57F5E299A18F80003AFB5 /* Assets.xcassets */; };
		4AC57F62299A18F80003AFB5 /* Preview Assets.xcassets in Resources */ = {isa = PBXBuildFile; fileRef = 4AC57F61299A18F80003AFB5 /* Preview Assets.xcassets */; };
		4AC57F6C299A18F80003AFB5 /* signup9Tests.swift in Sources */ = {isa = PBXBuildFile; fileRef = 4AC57F6B299A18F80003AFB5 /* signup9Tests.swift */; };
		4AC57F76299A18F80003AFB5 /* signup9UITests.swift in Sources */ = {isa = PBXBuildFile; fileRef = 4AC57F75299A18F80003AFB5 /* signup9UITests.swift */; };
		4AC57F78299A18F80003AFB5 /* signup9UITestsLaunchTests.swift in Sources */ = {isa = PBXBuildFile; fileRef = 4AC57F77299A18F80003AFB5 /* signup9UITestsLaunchTests.swift */; };
		4AC57F85299B61830003AFB5 /* GoogleService-Info.plist in Resources */ = {isa = PBXBuildFile; fileRef = 4AC57F84299B61820003AFB5 /* GoogleService-Info.plist */; };
		4ACEAF0529AB5B31005E17FF /* Support.swift in Sources */ = {isa = PBXBuildFile; fileRef = 4ACEAF0429AB5B31005E17FF /* Support.swift */; };
		B64D942129A0BDE700A2CFC9 /* splash.swift in Sources */ = {isa = PBXBuildFile; fileRef = B64D942029A0BDE700A2CFC9 /* splash.swift */; };
		B64D944929A0CE6600A2CFC9 /* Expertinfo.swift in Sources */ = {isa = PBXBuildFile; fileRef = B64D944829A0CE6600A2CFC9 /* Expertinfo.swift */; };
		B689C769299CD137008840CC /* ExpertModel.swift in Sources */ = {isa = PBXBuildFile; fileRef = B689C768299CD137008840CC /* ExpertModel.swift */; };
		B6EA3AB7299CB543000632B1 /* videoview.swift in Sources */ = {isa = PBXBuildFile; fileRef = B6EA3AB6299CB543000632B1 /* videoview.swift */; };
		B6EA3AB9299CB54B000632B1 /* Expertp.swift in Sources */ = {isa = PBXBuildFile; fileRef = B6EA3AB8299CB54B000632B1 /* Expertp.swift */; };
/* End PBXBuildFile section */

/* Begin PBXContainerItemProxy section */
		4AC57F68299A18F80003AFB5 /* PBXContainerItemProxy */ = {
			isa = PBXContainerItemProxy;
			containerPortal = 4AC57F4F299A18F70003AFB5 /* Project object */;
			proxyType = 1;
			remoteGlobalIDString = 4AC57F56299A18F70003AFB5;
			remoteInfo = signup9;
		};
		4AC57F72299A18F80003AFB5 /* PBXContainerItemProxy */ = {
			isa = PBXContainerItemProxy;
			containerPortal = 4AC57F4F299A18F70003AFB5 /* Project object */;
			proxyType = 1;
			remoteGlobalIDString = 4AC57F56299A18F70003AFB5;
			remoteInfo = signup9;
		};
/* End PBXContainerItemProxy section */

/* Begin PBXFileReference section */
		4A0EF1DE29A24F0F00A48CDB /* ContentVie.swift */ = {isa = PBXFileReference; lastKnownFileType = sourcecode.swift; path = ContentVie.swift; sourceTree = "<group>"; };
		4A0EF1E129A2505700A48CDB /* SignUpViewModel.swift */ = {isa = PBXFileReference; lastKnownFileType = sourcecode.swift; path = SignUpViewModel.swift; sourceTree = "<group>"; };
		4A0EF1E329A252DF00A48CDB /* settings.swift */ = {isa = PBXFileReference; lastKnownFileType = sourcecode.swift; path = settings.swift; sourceTree = "<group>"; };
		4A0EF1E929A26E2700A48CDB /* ProfileView.swift */ = {isa = PBXFileReference; lastKnownFileType = sourcecode.swift; path = ProfileView.swift; sourceTree = "<group>"; };
		4A0EF1EB29A26E9400A48CDB /* AuthenticationView.swift */ = {isa = PBXFileReference; lastKnownFileType = sourcecode.swift; path = AuthenticationView.swift; sourceTree = "<group>"; };
		4A0EF1ED29A26FC400A48CDB /* User.swift */ = {isa = PBXFileReference; lastKnownFileType = sourcecode.swift; path = User.swift; sourceTree = "<group>"; };
		4A0EF1EF29A352A900A48CDB /* home.swift */ = {isa = PBXFileReference; fileEncoding = 4; lastKnownFileType = sourcecode.swift; path = home.swift; sourceTree = "<group>"; };
		4A0EF1F129A356B700A48CDB /* VoteModel.swift */ = {isa = PBXFileReference; lastKnownFileType = sourcecode.swift; path = VoteModel.swift; sourceTree = "<group>"; };
		4A0EF1F529A49F4500A48CDB /* EditProfile.swift */ = {isa = PBXFileReference; lastKnownFileType = sourcecode.swift; path = EditProfile.swift; sourceTree = "<group>"; };
		4AC57F57299A18F70003AFB5 /* signup9.app */ = {isa = PBXFileReference; explicitFileType = wrapper.application; includeInIndex = 0; path = signup9.app; sourceTree = BUILT_PRODUCTS_DIR; };
		4AC57F5A299A18F70003AFB5 /* signup9App.swift */ = {isa = PBXFileReference; lastKnownFileType = sourcecode.swift; path = signup9App.swift; sourceTree = "<group>"; };
		4AC57F5C299A18F70003AFB5 /* ContentView.swift */ = {isa = PBXFileReference; lastKnownFileType = sourcecode.swift; path = ContentView.swift; sourceTree = "<group>"; };
		4AC57F5E299A18F80003AFB5 /* Assets.xcassets */ = {isa = PBXFileReference; lastKnownFileType = folder.assetcatalog; path = Assets.xcassets; sourceTree = "<group>"; };
		4AC57F61299A18F80003AFB5 /* Preview Assets.xcassets */ = {isa = PBXFileReference; lastKnownFileType = folder.assetcatalog; path = "Preview Assets.xcassets"; sourceTree = "<group>"; };
		4AC57F67299A18F80003AFB5 /* signup9Tests.xctest */ = {isa = PBXFileReference; explicitFileType = wrapper.cfbundle; includeInIndex = 0; path = signup9Tests.xctest; sourceTree = BUILT_PRODUCTS_DIR; };
		4AC57F6B299A18F80003AFB5 /* signup9Tests.swift */ = {isa = PBXFileReference; lastKnownFileType = sourcecode.swift; path = signup9Tests.swift; sourceTree = "<group>"; };
		4AC57F71299A18F80003AFB5 /* signup9UITests.xctest */ = {isa = PBXFileReference; explicitFileType = wrapper.cfbundle; includeInIndex = 0; path = signup9UITests.xctest; sourceTree = BUILT_PRODUCTS_DIR; };
		4AC57F75299A18F80003AFB5 /* signup9UITests.swift */ = {isa = PBXFileReference; lastKnownFileType = sourcecode.swift; path = signup9UITests.swift; sourceTree = "<group>"; };
		4AC57F77299A18F80003AFB5 /* signup9UITestsLaunchTests.swift */ = {isa = PBXFileReference; lastKnownFileType = sourcecode.swift; path = signup9UITestsLaunchTests.swift; sourceTree = "<group>"; };
		4AC57F84299B61820003AFB5 /* GoogleService-Info.plist */ = {isa = PBXFileReference; fileEncoding = 4; lastKnownFileType = text.plist.xml; path = "GoogleService-Info.plist"; sourceTree = "<group>"; };
		4ACEAF0429AB5B31005E17FF /* Support.swift */ = {isa = PBXFileReference; lastKnownFileType = sourcecode.swift; path = Support.swift; sourceTree = "<group>"; };
		B64D942029A0BDE700A2CFC9 /* splash.swift */ = {isa = PBXFileReference; lastKnownFileType = sourcecode.swift; path = splash.swift; sourceTree = "<group>"; };
		B64D944829A0CE6600A2CFC9 /* Expertinfo.swift */ = {isa = PBXFileReference; lastKnownFileType = sourcecode.swift; path = Expertinfo.swift; sourceTree = "<group>"; };
		B689C768299CD137008840CC /* ExpertModel.swift */ = {isa = PBXFileReference; lastKnownFileType = sourcecode.swift; path = ExpertModel.swift; sourceTree = "<group>"; };
		B6EA3AB6299CB543000632B1 /* videoview.swift */ = {isa = PBXFileReference; fileEncoding = 4; lastKnownFileType = sourcecode.swift; path = videoview.swift; sourceTree = "<group>"; };
		B6EA3AB8299CB54B000632B1 /* Expertp.swift */ = {isa = PBXFileReference; fileEncoding = 4; lastKnownFileType = sourcecode.swift; path = Expertp.swift; sourceTree = "<group>"; };
/* End PBXFileReference section */

/* Begin PBXFrameworksBuildPhase section */
		4AC57F54299A18F70003AFB5 /* Frameworks */ = {
			isa = PBXFrameworksBuildPhase;
			buildActionMask = 2147483647;
			files = (
				4A0EF1D629A24E1600A48CDB /* FirebaseFirestoreSwift in Frameworks */,
				4A0EF1D229A24E1600A48CDB /* FirebaseDatabase in Frameworks */,
				4A0EF1D429A24E1600A48CDB /* FirebaseFirestore in Frameworks */,
				4A0EF1D829A24E1600A48CDB /* FirebaseRemoteConfigSwift in Frameworks */,
				4A0EF1DD29A24E9000A48CDB /* SDWebImageSwiftUI in Frameworks */,
				4A0EF1DA29A24E1600A48CDB /* FirebaseStorage in Frameworks */,
				4A0EF1CE29A24E1600A48CDB /* FirebaseAnalytics in Frameworks */,
				4A0EF1D029A24E1600A48CDB /* FirebaseAuth in Frameworks */,
			);
			runOnlyForDeploymentPostprocessing = 0;
		};
		4AC57F64299A18F80003AFB5 /* Frameworks */ = {
			isa = PBXFrameworksBuildPhase;
			buildActionMask = 2147483647;
			files = (
			);
			runOnlyForDeploymentPostprocessing = 0;
		};
		4AC57F6E299A18F80003AFB5 /* Frameworks */ = {
			isa = PBXFrameworksBuildPhase;
			buildActionMask = 2147483647;
			files = (
			);
			runOnlyForDeploymentPostprocessing = 0;
		};
/* End PBXFrameworksBuildPhase section */

/* Begin PBXGroup section */
		4A0EF1E029A24FE100A48CDB /* ViewModel */ = {
			isa = PBXGroup;
			children = (
				4AC57F5A299A18F70003AFB5 /* signup9App.swift */,
				4A0EF1EB29A26E9400A48CDB /* AuthenticationView.swift */,
				4A0EF1ED29A26FC400A48CDB /* User.swift */,
				4A0EF1EF29A352A900A48CDB /* home.swift */,
			);
			path = ViewModel;
			sourceTree = "<group>";
		};
		4AC57F4E299A18F70003AFB5 = {
			isa = PBXGroup;
			children = (
				4AC57F59299A18F70003AFB5 /* signup9 */,
				4AC57F6A299A18F80003AFB5 /* signup9Tests */,
				4AC57F74299A18F80003AFB5 /* signup9UITests */,
				4AC57F58299A18F70003AFB5 /* Products */,
			);
			sourceTree = "<group>";
		};
		4AC57F58299A18F70003AFB5 /* Products */ = {
			isa = PBXGroup;
			children = (
				4AC57F57299A18F70003AFB5 /* signup9.app */,
				4AC57F67299A18F80003AFB5 /* signup9Tests.xctest */,
				4AC57F71299A18F80003AFB5 /* signup9UITests.xctest */,
			);
			name = Products;
			sourceTree = "<group>";
		};
		4AC57F59299A18F70003AFB5 /* signup9 */ = {
			isa = PBXGroup;
			children = (
				4A0EF1E029A24FE100A48CDB /* ViewModel */,
				4A0EF1E129A2505700A48CDB /* SignUpViewModel.swift */,
				4AC57F5C299A18F70003AFB5 /* ContentView.swift */,
				B64D942029A0BDE700A2CFC9 /* splash.swift */,
				B689C768299CD137008840CC /* ExpertModel.swift */,
				4A0EF1F129A356B700A48CDB /* VoteModel.swift */,
				4A0EF1DE29A24F0F00A48CDB /* ContentVie.swift */,
				B6EA3AB6299CB543000632B1 /* videoview.swift */,
				4ACEAF0429AB5B31005E17FF /* Support.swift */,
				4A0EF1F529A49F4500A48CDB /* EditProfile.swift */,
				B6EA3AB8299CB54B000632B1 /* Expertp.swift */,
				B64D944829A0CE6600A2CFC9 /* Expertinfo.swift */,
				4A0EF1E929A26E2700A48CDB /* ProfileView.swift */,
				4A0EF1E329A252DF00A48CDB /* settings.swift */,
				4AC57F84299B61820003AFB5 /* GoogleService-Info.plist */,
				4AC57F60299A18F80003AFB5 /* Preview Content */,
			);
			path = signup9;
			sourceTree = "<group>";
		};
		4AC57F60299A18F80003AFB5 /* Preview Content */ = {
			isa = PBXGroup;
			children = (
				4AC57F5E299A18F80003AFB5 /* Assets.xcassets */,
				4AC57F61299A18F80003AFB5 /* Preview Assets.xcassets */,
			);
			path = "Preview Content";
			sourceTree = "<group>";
		};
		4AC57F6A299A18F80003AFB5 /* signup9Tests */ = {
			isa = PBXGroup;
			children = (
				4AC57F6B299A18F80003AFB5 /* signup9Tests.swift */,
			);
			path = signup9Tests;
			sourceTree = "<group>";
		};
		4AC57F74299A18F80003AFB5 /* signup9UITests */ = {
			isa = PBXGroup;
			children = (
				4AC57F75299A18F80003AFB5 /* signup9UITests.swift */,
				4AC57F77299A18F80003AFB5 /* signup9UITestsLaunchTests.swift */,
			);
			path = signup9UITests;
			sourceTree = "<group>";
		};
/* End PBXGroup section */

/* Begin PBXNativeTarget section */
		4AC57F56299A18F70003AFB5 /* signup9 */ = {
			isa = PBXNativeTarget;
			buildConfigurationList = 4AC57F7B299A18F80003AFB5 /* Build configuration list for PBXNativeTarget "signup9" */;
			buildPhases = (
				4AC57F53299A18F70003AFB5 /* Sources */,
				4AC57F54299A18F70003AFB5 /* Frameworks */,
				4AC57F55299A18F70003AFB5 /* Resources */,
			);
			buildRules = (
			);
			dependencies = (
			);
			name = signup9;
			packageProductDependencies = (
				4A0EF1CD29A24E1600A48CDB /* FirebaseAnalytics */,
				4A0EF1CF29A24E1600A48CDB /* FirebaseAuth */,
				4A0EF1D129A24E1600A48CDB /* FirebaseDatabase */,
				4A0EF1D329A24E1600A48CDB /* FirebaseFirestore */,
				4A0EF1D529A24E1600A48CDB /* FirebaseFirestoreSwift */,
				4A0EF1D729A24E1600A48CDB /* FirebaseRemoteConfigSwift */,
				4A0EF1D929A24E1600A48CDB /* FirebaseStorage */,
				4A0EF1DC29A24E9000A48CDB /* SDWebImageSwiftUI */,
			);
			productName = signup9;
			productReference = 4AC57F57299A18F70003AFB5 /* signup9.app */;
			productType = "com.apple.product-type.application";
		};
		4AC57F66299A18F80003AFB5 /* signup9Tests */ = {
			isa = PBXNativeTarget;
			buildConfigurationList = 4AC57F7E299A18F80003AFB5 /* Build configuration list for PBXNativeTarget "signup9Tests" */;
			buildPhases = (
				4AC57F63299A18F80003AFB5 /* Sources */,
				4AC57F64299A18F80003AFB5 /* Frameworks */,
				4AC57F65299A18F80003AFB5 /* Resources */,
			);
			buildRules = (
			);
			dependencies = (
				4AC57F69299A18F80003AFB5 /* PBXTargetDependency */,
			);
			name = signup9Tests;
			productName = signup9Tests;
			productReference = 4AC57F67299A18F80003AFB5 /* signup9Tests.xctest */;
			productType = "com.apple.product-type.bundle.unit-test";
		};
		4AC57F70299A18F80003AFB5 /* signup9UITests */ = {
			isa = PBXNativeTarget;
			buildConfigurationList = 4AC57F81299A18F80003AFB5 /* Build configuration list for PBXNativeTarget "signup9UITests" */;
			buildPhases = (
				4AC57F6D299A18F80003AFB5 /* Sources */,
				4AC57F6E299A18F80003AFB5 /* Frameworks */,
				4AC57F6F299A18F80003AFB5 /* Resources */,
			);
			buildRules = (
			);
			dependencies = (
				4AC57F73299A18F80003AFB5 /* PBXTargetDependency */,
			);
			name = signup9UITests;
			productName = signup9UITests;
			productReference = 4AC57F71299A18F80003AFB5 /* signup9UITests.xctest */;
			productType = "com.apple.product-type.bundle.ui-testing";
		};
/* End PBXNativeTarget section */

/* Begin PBXProject section */
		4AC57F4F299A18F70003AFB5 /* Project object */ = {
			isa = PBXProject;
			attributes = {
				BuildIndependentTargetsInParallel = 1;
				LastSwiftUpdateCheck = 1420;
				LastUpgradeCheck = 1420;
				TargetAttributes = {
					4AC57F56299A18F70003AFB5 = {
						CreatedOnToolsVersion = 14.2;
					};
					4AC57F66299A18F80003AFB5 = {
						CreatedOnToolsVersion = 14.2;
						TestTargetID = 4AC57F56299A18F70003AFB5;
					};
					4AC57F70299A18F80003AFB5 = {
						CreatedOnToolsVersion = 14.2;
						TestTargetID = 4AC57F56299A18F70003AFB5;
					};
				};
			};
			buildConfigurationList = 4AC57F52299A18F70003AFB5 /* Build configuration list for PBXProject "signup9" */;
			compatibilityVersion = "Xcode 14.0";
			developmentRegion = en;
			hasScannedForEncodings = 0;
			knownRegions = (
				en,
				Base,
			);
			mainGroup = 4AC57F4E299A18F70003AFB5;
			packageReferences = (
				4A0EF1CC29A24E1600A48CDB /* XCRemoteSwiftPackageReference "firebase-ios-sdk" */,
				4A0EF1DB29A24E9000A48CDB /* XCRemoteSwiftPackageReference "SDWebImageSwiftUI" */,
			);
			productRefGroup = 4AC57F58299A18F70003AFB5 /* Products */;
			projectDirPath = "";
			projectRoot = "";
			targets = (
				4AC57F56299A18F70003AFB5 /* signup9 */,
				4AC57F66299A18F80003AFB5 /* signup9Tests */,
				4AC57F70299A18F80003AFB5 /* signup9UITests */,
			);
		};
/* End PBXProject section */

/* Begin PBXResourcesBuildPhase section */
		4AC57F55299A18F70003AFB5 /* Resources */ = {
			isa = PBXResourcesBuildPhase;
			buildActionMask = 2147483647;
			files = (
				4AC57F62299A18F80003AFB5 /* Preview Assets.xcassets in Resources */,
				4AC57F85299B61830003AFB5 /* GoogleService-Info.plist in Resources */,
				4AC57F5F299A18F80003AFB5 /* Assets.xcassets in Resources */,
			);
			runOnlyForDeploymentPostprocessing = 0;
		};
		4AC57F65299A18F80003AFB5 /* Resources */ = {
			isa = PBXResourcesBuildPhase;
			buildActionMask = 2147483647;
			files = (
			);
			runOnlyForDeploymentPostprocessing = 0;
		};
		4AC57F6F299A18F80003AFB5 /* Resources */ = {
			isa = PBXResourcesBuildPhase;
			buildActionMask = 2147483647;
			files = (
			);
			runOnlyForDeploymentPostprocessing = 0;
		};
/* End PBXResourcesBuildPhase section */

/* Begin PBXSourcesBuildPhase section */
		4AC57F53299A18F70003AFB5 /* Sources */ = {
			isa = PBXSourcesBuildPhase;
			buildActionMask = 2147483647;
			files = (
				4A0EF1EA29A26E2700A48CDB /* ProfileView.swift in Sources */,
				B6EA3AB9299CB54B000632B1 /* Expertp.swift in Sources */,
				4ACEAF0529AB5B31005E17FF /* Support.swift in Sources */,
				B6EA3AB7299CB543000632B1 /* videoview.swift in Sources */,
				4A0EF1F029A352A900A48CDB /* home.swift in Sources */,
				4A0EF1E229A2505700A48CDB /* SignUpViewModel.swift in Sources */,
				4A0EF1DF29A24F0F00A48CDB /* ContentVie.swift in Sources */,
				B64D942129A0BDE700A2CFC9 /* splash.swift in Sources */,
				4A0EF1EE29A26FC400A48CDB /* User.swift in Sources */,
				4AC57F5D299A18F70003AFB5 /* ContentView.swift in Sources */,
				4A0EF1F229A356B700A48CDB /* VoteModel.swift in Sources */,
				B64D944929A0CE6600A2CFC9 /* Expertinfo.swift in Sources */,
				B689C769299CD137008840CC /* ExpertModel.swift in Sources */,
				4A0EF1EC29A26E9400A48CDB /* AuthenticationView.swift in Sources */,
				4A0EF1E429A252DF00A48CDB /* settings.swift in Sources */,
				4AC57F5B299A18F70003AFB5 /* signup9App.swift in Sources */,
				4A0EF1F629A49F4500A48CDB /* EditProfile.swift in Sources */,
			);
			runOnlyForDeploymentPostprocessing = 0;
		};
		4AC57F63299A18F80003AFB5 /* Sources */ = {
			isa = PBXSourcesBuildPhase;
			buildActionMask = 2147483647;
			files = (
				4AC57F6C299A18F80003AFB5 /* signup9Tests.swift in Sources */,
			);
			runOnlyForDeploymentPostprocessing = 0;
		};
		4AC57F6D299A18F80003AFB5 /* Sources */ = {
			isa = PBXSourcesBuildPhase;
			buildActionMask = 2147483647;
			files = (
				4AC57F78299A18F80003AFB5 /* signup9UITestsLaunchTests.swift in Sources */,
				4AC57F76299A18F80003AFB5 /* signup9UITests.swift in Sources */,
			);
			runOnlyForDeploymentPostprocessing = 0;
		};
/* End PBXSourcesBuildPhase section */

/* Begin PBXTargetDependency section */
		4AC57F69299A18F80003AFB5 /* PBXTargetDependency */ = {
			isa = PBXTargetDependency;
			target = 4AC57F56299A18F70003AFB5 /* signup9 */;
			targetProxy = 4AC57F68299A18F80003AFB5 /* PBXContainerItemProxy */;
		};
		4AC57F73299A18F80003AFB5 /* PBXTargetDependency */ = {
			isa = PBXTargetDependency;
			target = 4AC57F56299A18F70003AFB5 /* signup9 */;
			targetProxy = 4AC57F72299A18F80003AFB5 /* PBXContainerItemProxy */;
		};
/* End PBXTargetDependency section */

/* Begin XCBuildConfiguration section */
		4AC57F79299A18F80003AFB5 /* Debug */ = {
			isa = XCBuildConfiguration;
			buildSettings = {
				ALWAYS_SEARCH_USER_PATHS = NO;
				CLANG_ANALYZER_NONNULL = YES;
				CLANG_ANALYZER_NUMBER_OBJECT_CONVERSION = YES_AGGRESSIVE;
				CLANG_CXX_LANGUAGE_STANDARD = "gnu++20";
				CLANG_ENABLE_MODULES = YES;
				CLANG_ENABLE_OBJC_ARC = YES;
				CLANG_ENABLE_OBJC_WEAK = YES;
				CLANG_WARN_BLOCK_CAPTURE_AUTORELEASING = YES;
				CLANG_WARN_BOOL_CONVERSION = YES;
				CLANG_WARN_COMMA = YES;
				CLANG_WARN_CONSTANT_CONVERSION = YES;
				CLANG_WARN_DEPRECATED_OBJC_IMPLEMENTATIONS = YES;
				CLANG_WARN_DIRECT_OBJC_ISA_USAGE = YES_ERROR;
				CLANG_WARN_DOCUMENTATION_COMMENTS = YES;
				CLANG_WARN_EMPTY_BODY = YES;
				CLANG_WARN_ENUM_CONVERSION = YES;
				CLANG_WARN_INFINITE_RECURSION = YES;
				CLANG_WARN_INT_CONVERSION = YES;
				CLANG_WARN_NON_LITERAL_NULL_CONVERSION = YES;
				CLANG_WARN_OBJC_IMPLICIT_RETAIN_SELF = YES;
				CLANG_WARN_OBJC_LITERAL_CONVERSION = YES;
				CLANG_WARN_OBJC_ROOT_CLASS = YES_ERROR;
				CLANG_WARN_QUOTED_INCLUDE_IN_FRAMEWORK_HEADER = YES;
				CLANG_WARN_RANGE_LOOP_ANALYSIS = YES;
				CLANG_WARN_STRICT_PROTOTYPES = YES;
				CLANG_WARN_SUSPICIOUS_MOVE = YES;
				CLANG_WARN_UNGUARDED_AVAILABILITY = YES_AGGRESSIVE;
				CLANG_WARN_UNREACHABLE_CODE = YES;
				CLANG_WARN__DUPLICATE_METHOD_MATCH = YES;
				COPY_PHASE_STRIP = NO;
				DEBUG_INFORMATION_FORMAT = dwarf;
				ENABLE_STRICT_OBJC_MSGSEND = YES;
				ENABLE_TESTABILITY = YES;
				GCC_C_LANGUAGE_STANDARD = gnu11;
				GCC_DYNAMIC_NO_PIC = NO;
				GCC_NO_COMMON_BLOCKS = YES;
				GCC_OPTIMIZATION_LEVEL = 0;
				GCC_PREPROCESSOR_DEFINITIONS = (
					"DEBUG=1",
					"$(inherited)",
				);
				GCC_WARN_64_TO_32_BIT_CONVERSION = YES;
				GCC_WARN_ABOUT_RETURN_TYPE = YES_ERROR;
				GCC_WARN_UNDECLARED_SELECTOR = YES;
				GCC_WARN_UNINITIALIZED_AUTOS = YES_AGGRESSIVE;
				GCC_WARN_UNUSED_FUNCTION = YES;
				GCC_WARN_UNUSED_VARIABLE = YES;
				IPHONEOS_DEPLOYMENT_TARGET = 16.2;
				MTL_ENABLE_DEBUG_INFO = INCLUDE_SOURCE;
				MTL_FAST_MATH = YES;
				ONLY_ACTIVE_ARCH = YES;
				SDKROOT = iphoneos;
				SWIFT_ACTIVE_COMPILATION_CONDITIONS = DEBUG;
				SWIFT_OPTIMIZATION_LEVEL = "-Onone";
			};
			name = Debug;
		};
		4AC57F7A299A18F80003AFB5 /* Release */ = {
			isa = XCBuildConfiguration;
			buildSettings = {
				ALWAYS_SEARCH_USER_PATHS = NO;
				CLANG_ANALYZER_NONNULL = YES;
				CLANG_ANALYZER_NUMBER_OBJECT_CONVERSION = YES_AGGRESSIVE;
				CLANG_CXX_LANGUAGE_STANDARD = "gnu++20";
				CLANG_ENABLE_MODULES = YES;
				CLANG_ENABLE_OBJC_ARC = YES;
				CLANG_ENABLE_OBJC_WEAK = YES;
				CLANG_WARN_BLOCK_CAPTURE_AUTORELEASING = YES;
				CLANG_WARN_BOOL_CONVERSION = YES;
				CLANG_WARN_COMMA = YES;
				CLANG_WARN_CONSTANT_CONVERSION = YES;
				CLANG_WARN_DEPRECATED_OBJC_IMPLEMENTATIONS = YES;
				CLANG_WARN_DIRECT_OBJC_ISA_USAGE = YES_ERROR;
				CLANG_WARN_DOCUMENTATION_COMMENTS = YES;
				CLANG_WARN_EMPTY_BODY = YES;
				CLANG_WARN_ENUM_CONVERSION = YES;
				CLANG_WARN_INFINITE_RECURSION = YES;
				CLANG_WARN_INT_CONVERSION = YES;
				CLANG_WARN_NON_LITERAL_NULL_CONVERSION = YES;
				CLANG_WARN_OBJC_IMPLICIT_RETAIN_SELF = YES;
				CLANG_WARN_OBJC_LITERAL_CONVERSION = YES;
				CLANG_WARN_OBJC_ROOT_CLASS = YES_ERROR;
				CLANG_WARN_QUOTED_INCLUDE_IN_FRAMEWORK_HEADER = YES;
				CLANG_WARN_RANGE_LOOP_ANALYSIS = YES;
				CLANG_WARN_STRICT_PROTOTYPES = YES;
				CLANG_WARN_SUSPICIOUS_MOVE = YES;
				CLANG_WARN_UNGUARDED_AVAILABILITY = YES_AGGRESSIVE;
				CLANG_WARN_UNREACHABLE_CODE = YES;
				CLANG_WARN__DUPLICATE_METHOD_MATCH = YES;
				COPY_PHASE_STRIP = NO;
				DEBUG_INFORMATION_FORMAT = "dwarf-with-dsym";
				ENABLE_NS_ASSERTIONS = NO;
				ENABLE_STRICT_OBJC_MSGSEND = YES;
				GCC_C_LANGUAGE_STANDARD = gnu11;
				GCC_NO_COMMON_BLOCKS = YES;
				GCC_WARN_64_TO_32_BIT_CONVERSION = YES;
				GCC_WARN_ABOUT_RETURN_TYPE = YES_ERROR;
				GCC_WARN_UNDECLARED_SELECTOR = YES;
				GCC_WARN_UNINITIALIZED_AUTOS = YES_AGGRESSIVE;
				GCC_WARN_UNUSED_FUNCTION = YES;
				GCC_WARN_UNUSED_VARIABLE = YES;
				IPHONEOS_DEPLOYMENT_TARGET = 16.2;
				MTL_ENABLE_DEBUG_INFO = NO;
				MTL_FAST_MATH = YES;
				SDKROOT = iphoneos;
				SWIFT_COMPILATION_MODE = wholemodule;
				SWIFT_OPTIMIZATION_LEVEL = "-O";
				VALIDATE_PRODUCT = YES;
			};
			name = Release;
		};
		4AC57F7C299A18F80003AFB5 /* Debug */ = {
			isa = XCBuildConfiguration;
			buildSettings = {
				ASSETCATALOG_COMPILER_APPICON_NAME = AppIcon;
				ASSETCATALOG_COMPILER_GLOBAL_ACCENT_COLOR_NAME = AccentColor;
				CODE_SIGN_STYLE = Automatic;
				CURRENT_PROJECT_VERSION = 1;
				DEVELOPMENT_ASSET_PATHS = "\"signup9/Preview Content\"";
				DEVELOPMENT_TEAM = CSRS8ZR3HS;
				ENABLE_PREVIEWS = YES;
				GENERATE_INFOPLIST_FILE = YES;
				INFOPLIST_KEY_UIApplicationSceneManifest_Generation = YES;
				INFOPLIST_KEY_UIApplicationSupportsIndirectInputEvents = YES;
				INFOPLIST_KEY_UILaunchScreen_Generation = YES;
				INFOPLIST_KEY_UISupportedInterfaceOrientations_iPad = "UIInterfaceOrientationPortrait UIInterfaceOrientationPortraitUpsideDown UIInterfaceOrientationLandscapeLeft UIInterfaceOrientationLandscapeRight";
				INFOPLIST_KEY_UISupportedInterfaceOrientations_iPhone = "UIInterfaceOrientationPortrait UIInterfaceOrientationLandscapeLeft UIInterfaceOrientationLandscapeRight";
				IPHONEOS_DEPLOYMENT_TARGET = 16.0;
				LD_RUNPATH_SEARCH_PATHS = (
					"$(inherited)",
					"@executable_path/Frameworks",
				);
				MARKETING_VERSION = 1.0;
				PRODUCT_BUNDLE_IDENTIFIER = com.waad.signup9;
				PRODUCT_NAME = "$(TARGET_NAME)";
				SWIFT_EMIT_LOC_STRINGS = YES;
				SWIFT_VERSION = 5.0;
				TARGETED_DEVICE_FAMILY = "1,2";
			};
			name = Debug;
		};
		4AC57F7D299A18F80003AFB5 /* Release */ = {
			isa = XCBuildConfiguration;
			buildSettings = {
				ASSETCATALOG_COMPILER_APPICON_NAME = AppIcon;
				ASSETCATALOG_COMPILER_GLOBAL_ACCENT_COLOR_NAME = AccentColor;
				CODE_SIGN_STYLE = Automatic;
				CURRENT_PROJECT_VERSION = 1;
				DEVELOPMENT_ASSET_PATHS = "\"signup9/Preview Content\"";
				DEVELOPMENT_TEAM = CSRS8ZR3HS;
				ENABLE_PREVIEWS = YES;
				GENERATE_INFOPLIST_FILE = YES;
				INFOPLIST_KEY_UIApplicationSceneManifest_Generation = YES;
				INFOPLIST_KEY_UIApplicationSupportsIndirectInputEvents = YES;
				INFOPLIST_KEY_UILaunchScreen_Generation = YES;
				INFOPLIST_KEY_UISupportedInterfaceOrientations_iPad = "UIInterfaceOrientationPortrait UIInterfaceOrientationPortraitUpsideDown UIInterfaceOrientationLandscapeLeft UIInterfaceOrientationLandscapeRight";
				INFOPLIST_KEY_UISupportedInterfaceOrientations_iPhone = "UIInterfaceOrientationPortrait UIInterfaceOrientationLandscapeLeft UIInterfaceOrientationLandscapeRight";
				IPHONEOS_DEPLOYMENT_TARGET = 16.0;
				LD_RUNPATH_SEARCH_PATHS = (
					"$(inherited)",
					"@executable_path/Frameworks",
				);
				MARKETING_VERSION = 1.0;
				PRODUCT_BUNDLE_IDENTIFIER = com.waad.signup9;
				PRODUCT_NAME = "$(TARGET_NAME)";
				SWIFT_EMIT_LOC_STRINGS = YES;
				SWIFT_VERSION = 5.0;
				TARGETED_DEVICE_FAMILY = "1,2";
			};
			name = Release;
		};
		4AC57F7F299A18F80003AFB5 /* Debug */ = {
			isa = XCBuildConfiguration;
			buildSettings = {
				ALWAYS_EMBED_SWIFT_STANDARD_LIBRARIES = YES;
				BUNDLE_LOADER = "$(TEST_HOST)";
				CODE_SIGN_STYLE = Automatic;
				CURRENT_PROJECT_VERSION = 1;
				DEVELOPMENT_TEAM = 883QWSNAZQ;
				GENERATE_INFOPLIST_FILE = YES;
				IPHONEOS_DEPLOYMENT_TARGET = 16.2;
				MARKETING_VERSION = 1.0;
				PRODUCT_BUNDLE_IDENTIFIER = com.waad.signup9Tests;
				PRODUCT_NAME = "$(TARGET_NAME)";
				SWIFT_EMIT_LOC_STRINGS = NO;
				SWIFT_VERSION = 5.0;
				TARGETED_DEVICE_FAMILY = "1,2";
				TEST_HOST = "$(BUILT_PRODUCTS_DIR)/signup9.app/$(BUNDLE_EXECUTABLE_FOLDER_PATH)/signup9";
			};
			name = Debug;
		};
		4AC57F80299A18F80003AFB5 /* Release */ = {
			isa = XCBuildConfiguration;
			buildSettings = {
				ALWAYS_EMBED_SWIFT_STANDARD_LIBRARIES = YES;
				BUNDLE_LOADER = "$(TEST_HOST)";
				CODE_SIGN_STYLE = Automatic;
				CURRENT_PROJECT_VERSION = 1;
				DEVELOPMENT_TEAM = 883QWSNAZQ;
				GENERATE_INFOPLIST_FILE = YES;
				IPHONEOS_DEPLOYMENT_TARGET = 16.2;
				MARKETING_VERSION = 1.0;
				PRODUCT_BUNDLE_IDENTIFIER = com.waad.signup9Tests;
				PRODUCT_NAME = "$(TARGET_NAME)";
				SWIFT_EMIT_LOC_STRINGS = NO;
				SWIFT_VERSION = 5.0;
				TARGETED_DEVICE_FAMILY = "1,2";
				TEST_HOST = "$(BUILT_PRODUCTS_DIR)/signup9.app/$(BUNDLE_EXECUTABLE_FOLDER_PATH)/signup9";
			};
			name = Release;
		};
		4AC57F82299A18F80003AFB5 /* Debug */ = {
			isa = XCBuildConfiguration;
			buildSettings = {
				ALWAYS_EMBED_SWIFT_STANDARD_LIBRARIES = YES;
				CODE_SIGN_STYLE = Automatic;
				CURRENT_PROJECT_VERSION = 1;
				DEVELOPMENT_TEAM = CSRS8ZR3HS;
				GENERATE_INFOPLIST_FILE = YES;
				MARKETING_VERSION = 1.0;
				PRODUCT_BUNDLE_IDENTIFIER = com.waad.signup9UITests;
				PRODUCT_NAME = "$(TARGET_NAME)";
				SWIFT_EMIT_LOC_STRINGS = NO;
				SWIFT_VERSION = 5.0;
				TARGETED_DEVICE_FAMILY = "1,2";
				TEST_TARGET_NAME = signup9;
			};
			name = Debug;
		};
		4AC57F83299A18F80003AFB5 /* Release */ = {
			isa = XCBuildConfiguration;
			buildSettings = {
				ALWAYS_EMBED_SWIFT_STANDARD_LIBRARIES = YES;
				CODE_SIGN_STYLE = Automatic;
				CURRENT_PROJECT_VERSION = 1;
				DEVELOPMENT_TEAM = CSRS8ZR3HS;
				GENERATE_INFOPLIST_FILE = YES;
				MARKETING_VERSION = 1.0;
				PRODUCT_BUNDLE_IDENTIFIER = com.waad.signup9UITests;
				PRODUCT_NAME = "$(TARGET_NAME)";
				SWIFT_EMIT_LOC_STRINGS = NO;
				SWIFT_VERSION = 5.0;
				TARGETED_DEVICE_FAMILY = "1,2";
				TEST_TARGET_NAME = signup9;
			};
			name = Release;
		};
/* End XCBuildConfiguration section */

/* Begin XCConfigurationList section */
		4AC57F52299A18F70003AFB5 /* Build configuration list for PBXProject "signup9" */ = {
			isa = XCConfigurationList;
			buildConfigurations = (
				4AC57F79299A18F80003AFB5 /* Debug */,
				4AC57F7A299A18F80003AFB5 /* Release */,
			);
			defaultConfigurationIsVisible = 0;
			defaultConfigurationName = Release;
		};
		4AC57F7B299A18F80003AFB5 /* Build configuration list for PBXNativeTarget "signup9" */ = {
			isa = XCConfigurationList;
			buildConfigurations = (
				4AC57F7C299A18F80003AFB5 /* Debug */,
				4AC57F7D299A18F80003AFB5 /* Release */,
			);
			defaultConfigurationIsVisible = 0;
			defaultConfigurationName = Release;
		};
		4AC57F7E299A18F80003AFB5 /* Build configuration list for PBXNativeTarget "signup9Tests" */ = {
			isa = XCConfigurationList;
			buildConfigurations = (
				4AC57F7F299A18F80003AFB5 /* Debug */,
				4AC57F80299A18F80003AFB5 /* Release */,
			);
			defaultConfigurationIsVisible = 0;
			defaultConfigurationName = Release;
		};
		4AC57F81299A18F80003AFB5 /* Build configuration list for PBXNativeTarget "signup9UITests" */ = {
			isa = XCConfigurationList;
			buildConfigurations = (
				4AC57F82299A18F80003AFB5 /* Debug */,
				4AC57F83299A18F80003AFB5 /* Release */,
			);
			defaultConfigurationIsVisible = 0;
			defaultConfigurationName = Release;
		};
/* End XCConfigurationList section */

/* Begin XCRemoteSwiftPackageReference section */
		4A0EF1CC29A24E1600A48CDB /* XCRemoteSwiftPackageReference "firebase-ios-sdk" */ = {
			isa = XCRemoteSwiftPackageReference;
			repositoryURL = "https://github.com/firebase/firebase-ios-sdk";
			requirement = {
				branch = master;
				kind = branch;
			};
		};
		4A0EF1DB29A24E9000A48CDB /* XCRemoteSwiftPackageReference "SDWebImageSwiftUI" */ = {
			isa = XCRemoteSwiftPackageReference;
			repositoryURL = "https://github.com/SDWebImage/SDWebImageSwiftUI.git";
			requirement = {
				kind = upToNextMajorVersion;
				minimumVersion = 2.0.0;
			};
		};
/* End XCRemoteSwiftPackageReference section */

/* Begin XCSwiftPackageProductDependency section */
		4A0EF1CD29A24E1600A48CDB /* FirebaseAnalytics */ = {
			isa = XCSwiftPackageProductDependency;
			package = 4A0EF1CC29A24E1600A48CDB /* XCRemoteSwiftPackageReference "firebase-ios-sdk" */;
			productName = FirebaseAnalytics;
		};
		4A0EF1CF29A24E1600A48CDB /* FirebaseAuth */ = {
			isa = XCSwiftPackageProductDependency;
			package = 4A0EF1CC29A24E1600A48CDB /* XCRemoteSwiftPackageReference "firebase-ios-sdk" */;
			productName = FirebaseAuth;
		};
		4A0EF1D129A24E1600A48CDB /* FirebaseDatabase */ = {
			isa = XCSwiftPackageProductDependency;
			package = 4A0EF1CC29A24E1600A48CDB /* XCRemoteSwiftPackageReference "firebase-ios-sdk" */;
			productName = FirebaseDatabase;
		};
		4A0EF1D329A24E1600A48CDB /* FirebaseFirestore */ = {
			isa = XCSwiftPackageProductDependency;
			package = 4A0EF1CC29A24E1600A48CDB /* XCRemoteSwiftPackageReference "firebase-ios-sdk" */;
			productName = FirebaseFirestore;
		};
		4A0EF1D529A24E1600A48CDB /* FirebaseFirestoreSwift */ = {
			isa = XCSwiftPackageProductDependency;
			package = 4A0EF1CC29A24E1600A48CDB /* XCRemoteSwiftPackageReference "firebase-ios-sdk" */;
			productName = FirebaseFirestoreSwift;
		};
		4A0EF1D729A24E1600A48CDB /* FirebaseRemoteConfigSwift */ = {
			isa = XCSwiftPackageProductDependency;
			package = 4A0EF1CC29A24E1600A48CDB /* XCRemoteSwiftPackageReference "firebase-ios-sdk" */;
			productName = FirebaseRemoteConfigSwift;
		};
		4A0EF1D929A24E1600A48CDB /* FirebaseStorage */ = {
			isa = XCSwiftPackageProductDependency;
			package = 4A0EF1CC29A24E1600A48CDB /* XCRemoteSwiftPackageReference "firebase-ios-sdk" */;
			productName = FirebaseStorage;
		};
		4A0EF1DC29A24E9000A48CDB /* SDWebImageSwiftUI */ = {
			isa = XCSwiftPackageProductDependency;
			package = 4A0EF1DB29A24E9000A48CDB /* XCRemoteSwiftPackageReference "SDWebImageSwiftUI" */;
			productName = SDWebImageSwiftUI;
		};
/* End XCSwiftPackageProductDependency section */
	};
	rootObject = 4AC57F4F299A18F70003AFB5 /* Project object */;
}
